
Microsoft Visual Studio Solution File, Format Version 12.00
# Visual Studio Version 17
VisualStudioVersion = 17.5.002.0
MinimumVisualStudioVersion = 10.0.40219.1
Project("{9A19103F-16F7-4668-BE54-9A1E7A4F7556}") = "DesafioProjetoHospedagem", "DesafioProjetoHospedagem.csproj", "{BB302E7B-5C20-4C3E-B63D-26CD42728543}"
EndProject
Global
	GlobalSection(SolutionConfigurationPlatforms) = preSolution
		Debug|Any CPU = Debug|Any CPU
		Release|Any CPU = Release|Any CPU
	EndGlobalSection
	GlobalSection(ProjectConfigurationPlatforms) = postSolution
		{BB302E7B-5C20-4C3E-B63D-26CD42728543}.Debug|Any CPU.ActiveCfg = Debug|Any CPU
		{BB302E7B-5C20-4C3E-B63D-26CD42728543}.Debug|Any CPU.Build.0 = Debug|Any CPU
		{BB302E7B-5C20-4C3E-B63D-26CD42728543}.Release|Any CPU.ActiveCfg = Release|Any CPU
		{BB302E7B-5C20-4C3E-B63D-26CD42728543}.Release|Any CPU.Build.0 = Release|Any CPU
	EndGlobalSection
	GlobalSection(SolutionProperties) = preSolution
		HideSolutionNode = FALSE
	EndGlobalSection
	GlobalSection(ExtensibilityGlobals) = postSolution
		SolutionGuid = {41244D44-DFC8-49FF-A5CD-055540C32216}
	EndGlobalSection
EndGlobal
